{
  "lockfile_version": "1",
  "packages": {
    "ffmpeg@latest": {
      "last_modified": "2026-06-14T16:21:05Z",
      "resolved": "github:NixOS/nixpkgs/9eac87a12312b8f60dd52e1c6e1a265f6fc7f5fc#ffmpeg",
      "source": "devbox-search",
      "version": "8.1",
      "systems": {
        "aarch64-darwin": {
          "outputs": [
            {
              "name": "bin",
              "path": "/nix/store/ngfvm0mvlcl3qy4c0va1xk7ik7hf5z5d-ffmpeg-8.1-bin",
              "default": true
            },
            {
              "name": "man",
              "path": "/nix/store/7i34r2xda7qh2y9jsnm8jxgh31d1nk57-ffmpeg-8.1-man",
              "default": true
            },
            {
              "name": "data",
              "path": "/nix/store/svw1lk5s6hgfvmndi7klg9kp9p65h4wi-ffmpeg-8.1-data"
            },
            {
              "name": "dev",
              "path": "/nix/store/arhfvajz4160hqrvllcjri0zlshyl43m-ffmpeg-8.1-dev"
            },
            {
              "name": "doc",
              "path": "/nix/store/f8f02xn2j8qjcii07ig0x3jwcd1qd7r9-ffmpeg-8.1-doc"
            },
            {
              "name": "lib",
              "path": "/nix/store/rz9xhl5q5v9gh7lhk6z8zgi98h9xzx7n-ffmpeg-8.1-lib"
            },
            {
              "name": "out",
              "path": "/nix/store/wl1lb6gb6isnglzmwvdn55hi48ac1mcl-ffmpeg-8.1"
            }
          ],
          "store_path": "/nix/store/ngfvm0mvlcl3qy4c0va1xk7ik7hf5z5d-ffmpeg-8.1-bin"
        },
        "aarch64-linux": {
          "outputs": [
            {
              "name": "bin",
              "path": "/nix/store/9189pnq5pjzsbqmp9l8rkr9kwbwmg2w6-ffmpeg-8.1-bin",
              "default": true
            },
            {
              "name": "man",
              "path": "/nix/store/mk17rxwak2j48qrs3axccsknhzwl5733-ffmpeg-8.1-man",
              "default": true
            },
            {
              "name": "data",
              "path": "/nix/store/fgjpgi3vfl2ayqfmddfq45wzp5q09q9s-ffmpeg-8.1-data"
            },
            {
              "name": "dev",
              "path": "/nix/store/amsa6czh5400dxq2giif31vlnbcjp09z-ffmpeg-8.1-dev"
            },
            {
              "name": "doc",
              "path": "/nix/store/8anck5absahqjvikpxb87yn1inpb4fdv-ffmpeg-8.1-doc"
            },
            {
              "name": "lib",
              "path": "/nix/store/x57wbkqyx80h7lhdziqh7ikwg8lgraxc-ffmpeg-8.1-lib"
            },
            {
              "name": "out",
              "path": "/nix/store/wdrpm09qjhb155kwch9b19pag9wagpkz-ffmpeg-8.1"
            }
          ],
          "store_path": "/nix/store/9189pnq5pjzsbqmp9l8rkr9kwbwmg2w6-ffmpeg-8.1-bin"
        },
        "x86_64-darwin": {
          "outputs": [
            {
              "name": "bin",
              "path": "/nix/store/qjil0v0y05rcrs2bzyijwyb90d5zfbzw-ffmpeg-8.1-bin",
              "default": true
            },
            {
              "name": "man",
              "path": "/nix/store/481y1x104ril85y1fdvpf55yk6r9n732-ffmpeg-8.1-man",
              "default": true
            },
            {
              "name": "out",
              "path": "/nix/store/his8zz9p0mc0azz3rwjyknydn0d67n6s-ffmpeg-8.1"
            },
            {
              "name": "data",
              "path": "/nix/store/hrvdbg19nsdh94rzvgxcvvkkq6rkph2k-ffmpeg-8.1-data"
            },
            {
              "name": "dev",
              "path": "/nix/store/8r42iwc8pcz420gjczzgmgy86kn8wc39-ffmpeg-8.1-dev"
            },
            {
              "name": "doc",
              "path": "/nix/store/mwn24al75gjgm42nck1bckmplv2zdz8h-ffmpeg-8.1-doc"
            },
            {
              "name": "lib",
              "path": "/nix/store/7vy887l5yhwaisic91xj6rdp7m7vd8jm-ffmpeg-8.1-lib"
            }
          ],
          "store_path": "/nix/store/qjil0v0y05rcrs2bzyijwyb90d5zfbzw-ffmpeg-8.1-bin"
        },
        "x86_64-linux": {
          "outputs": [
            {
              "name": "bin",
              "path": "/nix/store/281zx8sanx5fcp8j6advwics7gwdvdaz-ffmpeg-8.1-bin",
              "default": true
            },
            {
              "name": "man",
              "path": "/nix/store/dnnz7b0444c6pb6q8rippk90sl0pnz1n-ffmpeg-8.1-man",
              "default": true
            },
            {
              "name": "out",
              "path": "/nix/store/84h52wlvlvb2y7hmm6338m7i4m1mpi0v-ffmpeg-8.1"
            },
            {
              "name": "data",
              "path": "/nix/store/pxxjhd9y7z2anp67bp6j4002r9bnwizf-ffmpeg-8.1-data"
            },
            {
              "name": "dev",
              "path": "/nix/store/7rv05vh6qh1sfiirhjkfjp2gskqhxdp9-ffmpeg-8.1-dev"
            },
            {
              "name": "doc",
              "path": "/nix/store/m0k08lknppyyk6dh58157i835da3qnxx-ffmpeg-8.1-doc"
            },
            {
              "name": "lib",
              "path": "/nix/store/xvrjmskfrp07gmh1zzlyfkv50nw40dcv-ffmpeg-8.1-lib"
            }
          ],
          "store_path": "/nix/store/281zx8sanx5fcp8j6advwics7gwdvdaz-ffmpeg-8.1-bin"
        }
      }
    },
    "github:NixOS/nixpkgs/nixpkgs-unstable": {
      "last_modified": "2026-06-16T10:57:20Z",
      "resolved": "github:NixOS/nixpkgs/3e41b24abd260e8f71dbe2f5737d24122f972158?lastModified=1781607440"
    },
    "manim@latest": {
      "last_modified": "2026-06-08T15:01:26Z",
      "resolved": "github:NixOS/nixpkgs/8c3cede7ddc26bd659d2d383b5610efbd2c7a16e#manim",
      "source": "devbox-search",
      "version": "0.20.1",
      "systems": {
        "aarch64-darwin": {
          "outputs": [
            {
              "name": "out",
              "path": "/nix/store/zfhz6lnjy0k1yacjifcz4dy5zmggbrhx-python3.13-manim-0.20.1",
              "default": true
            },
            {
              "name": "dist",
              "path": "/nix/store/rhjl3xx5h6739p4yaj3y9m8iwawhx8x2-python3.13-manim-0.20.1-dist"
            }
          ],
          "store_path": "/nix/store/zfhz6lnjy0k1yacjifcz4dy5zmggbrhx-python3.13-manim-0.20.1"
        },
        "aarch64-linux": {
          "outputs": [
            {
              "name": "out",
              "path": "/nix/store/p4qmmqbkj19lsdrfyvz0c3jl2mk4qgsq-python3.13-manim-0.20.1",
              "default": true
            },
            {
              "name": "dist",
              "path": "/nix/store/5i1aa0zb3qbz6i5b1mjv3kjkgm3zfdba-python3.13-manim-0.20.1-dist"
            }
          ],
          "store_path": "/nix/store/p4qmmqbkj19lsdrfyvz0c3jl2mk4qgsq-python3.13-manim-0.20.1"
        },
        "x86_64-darwin": {
          "outputs": [
            {
              "name": "out",
              "path": "/nix/store/0mk2mrvq1907v1gddynp60zjmkb70jjp-python3.13-manim-0.20.1",
              "default": true
            },
            {
              "name": "dist",
              "path": "/nix/store/b0p1mld804r4d83gaj7n8h4585xxcs4y-python3.13-manim-0.20.1-dist"
            }
          ],
          "store_path": "/nix/store/0mk2mrvq1907v1gddynp60zjmkb70jjp-python3.13-manim-0.20.1"
        },
        "x86_64-linux": {
          "outputs": [
            {
              "name": "out",
              "path": "/nix/store/4772hs2nyllp4svdzsi84xfyj9xxw3w3-python3.13-manim-0.20.1",
              "default": true
            },
            {
              "name": "dist",
              "path": "/nix/store/idg841k8kpa17hfbsfgn98y48dyij517-python3.13-manim-0.20.1-dist"
            }
          ],
          "store_path": "/nix/store/4772hs2nyllp4svdzsi84xfyj9xxw3w3-python3.13-manim-0.20.1"
        }
      }
    }
  }
}
